{
  "name": "mr-one-production-engine",
  "version": "0.1.0",
  "lockfileVersion": 3,
  "requires": true,
  "packages": {
    "": {
      "name": "mr-one-production-engine",
      "version": "0.1.0",
      "dependencies": {
        "react": "^19.1.1",
        "react-dom": "^19.1.1"
      },
      "devDependencies": {
        "vite": "^7.1.7"
      }
    }
  }
}
